
Microsoft Visual Studio Solution File, Format Version 12.00
# Visual Studio Version 17
VisualStudioVersion = 17.1.32328.378
MinimumVisualStudioVersion = 10.0.40219.1
Project("{9A19103F-16F7-4668-BE54-9A1E7A4F7556}") = "AeroMapPresentor.Wpf", "AeroMapPresentor.Wpf\AeroMapPresentor.Wpf.csproj", "{19B16F05-ED72-480B-9E78-6EE8ADFFEEE5}"
EndProject
Project("{FAE04EC0-301F-11D3-BF4B-00C04F79EFBC}") = "AeroMapPresentor.Core", "AeroMapPresentor.Core\AeroMapPresentor.Core.csproj", "{1D5DC7A6-AC60-4F6D-8C11-EB23955FD3A4}"
EndProject
Project("{FAE04EC0-301F-11D3-BF4B-00C04F79EFBC}") = "AeroMapPresentor.Infrastructure", "AeroMapPresentor.Infrastructure\AeroMapPresentor.Infrastructure.csproj", "{9ECDA264-6475-4421-B491-3B0A6944D81B}"
EndProject
Project("{FAE04EC0-301F-11D3-BF4B-00C04F79EFBC}") = "AeroMapPresentor.Console", "AeroMapPresentor.Console\AeroMapPresentor.Console.csproj", "{2793927B-0BC6-4229-98C1-7702B6E15331}"
EndProject
Global
	GlobalSection(SolutionConfigurationPlatforms) = preSolution
		Debug|Any CPU = Debug|Any CPU
		Release|Any CPU = Release|Any CPU
	EndGlobalSection
	GlobalSection(ProjectConfigurationPlatforms) = postSolution
		{19B16F05-ED72-480B-9E78-6EE8ADFFEEE5}.Debug|Any CPU.ActiveCfg = Debug|Any CPU
		{19B16F05-ED72-480B-9E78-6EE8ADFFEEE5}.Debug|Any CPU.Build.0 = Debug|Any CPU
		{19B16F05-ED72-480B-9E78-6EE8ADFFEEE5}.Release|Any CPU.ActiveCfg = Release|Any CPU
		{19B16F05-ED72-480B-9E78-6EE8ADFFEEE5}.Release|Any CPU.Build.0 = Release|Any CPU
		{1D5DC7A6-AC60-4F6D-8C11-EB23955FD3A4}.Debug|Any CPU.ActiveCfg = Debug|Any CPU
		{1D5DC7A6-AC60-4F6D-8C11-EB23955FD3A4}.Debug|Any CPU.Build.0 = Debug|Any CPU
		{1D5DC7A6-AC60-4F6D-8C11-EB23955FD3A4}.Release|Any CPU.ActiveCfg = Release|Any CPU
		{1D5DC7A6-AC60-4F6D-8C11-EB23955FD3A4}.Release|Any CPU.Build.0 = Release|Any CPU
		{9ECDA264-6475-4421-B491-3B0A6944D81B}.Debug|Any CPU.ActiveCfg = Debug|Any CPU
		{9ECDA264-6475-4421-B491-3B0A6944D81B}.Debug|Any CPU.Build.0 = Debug|Any CPU
		{9ECDA264-6475-4421-B491-3B0A6944D81B}.Release|Any CPU.ActiveCfg = Release|Any CPU
		{9ECDA264-6475-4421-B491-3B0A6944D81B}.Release|Any CPU.Build.0 = Release|Any CPU
		{2793927B-0BC6-4229-98C1-7702B6E15331}.Debug|Any CPU.ActiveCfg = Debug|Any CPU
		{2793927B-0BC6-4229-98C1-7702B6E15331}.Debug|Any CPU.Build.0 = Debug|Any CPU
		{2793927B-0BC6-4229-98C1-7702B6E15331}.Release|Any CPU.ActiveCfg = Release|Any CPU
		{2793927B-0BC6-4229-98C1-7702B6E15331}.Release|Any CPU.Build.0 = Release|Any CPU
	EndGlobalSection
	GlobalSection(SolutionProperties) = preSolution
		HideSolutionNode = FALSE
	EndGlobalSection
	GlobalSection(ExtensibilityGlobals) = postSolution
		SolutionGuid = {86BC1DA8-E4D8-4F64-82FB-9E9C94085386}
	EndGlobalSection
EndGlobal
