
Microsoft Visual Studio Solution File, Format Version 12.00
# Visual Studio Version 17
VisualStudioVersion = 17.1.32319.34
MinimumVisualStudioVersion = 10.0.40219.1
Project("{9A19103F-16F7-4668-BE54-9A1E7A4F7556}") = "MapEntitiesService", "MapEntitiesService\MapEntitiesService.csproj", "{BFA44107-AB1B-4540-9CA0-75A74D5B3D08}"
EndProject
Project("{9A19103F-16F7-4668-BE54-9A1E7A4F7556}") = "MapsRepositoryService", "MapsRepositoryService\MapsRepositoryService.csproj", "{B1B41FF9-567B-4A32-B732-9D02F3BD7448}"
EndProject
Project("{E53339B2-1760-4266-BCC7-CA923CBCF16C}") = "docker-compose", "docker-compose.dcproj", "{3BEF987E-63E5-489A-9B01-9BD0E6091ADB}"
EndProject
Project("{9A19103F-16F7-4668-BE54-9A1E7A4F7556}") = "MessageBroker.Core", "MessageBroker.Core\MessageBroker.Core.csproj", "{E9A97281-A9BE-415A-BD80-471EB1B1F472}"
EndProject
Project("{9A19103F-16F7-4668-BE54-9A1E7A4F7556}") = "MessageBroker.Infrastructure", "MessageBroker.Infrastructure\MessageBroker.Infrastructure.csproj", "{DB8751BC-CE9A-4598-B1D2-582D139250A5}"
EndProject
Project("{9A19103F-16F7-4668-BE54-9A1E7A4F7556}") = "OcelotApiGw", "OcelotApiGw\OcelotApiGw.csproj", "{EE9EB452-0D58-4005-810E-7DF6A7736198}"
EndProject
Project("{9A19103F-16F7-4668-BE54-9A1E7A4F7556}") = "MapsRepositoryService.Core", "MapsRepositoryService.Core\MapsRepositoryService.Core.csproj", "{AAC624E6-F82F-40D2-9BBB-87BD70F32A91}"
EndProject
Project("{9A19103F-16F7-4668-BE54-9A1E7A4F7556}") = "MapsRepositoryService.Infrastructure", "MapsRepositoryService.Infrastructure\MapsRepositoryService.Infrastructure.csproj", "{B8D8A133-28E3-4D38-8B87-D43031203BC0}"
EndProject
Project("{2150E333-8FDC-42A3-9474-1A3956D46DE8}") = "Common", "Common", "{09AD39B0-AD15-41FA-B1F1-F55C613617B6}"
EndProject
Project("{2150E333-8FDC-42A3-9474-1A3956D46DE8}") = "MapsRepositoryService", "MapsRepositoryService", "{FD5A72D6-DAF9-434E-A927-F5C4AD02DF05}"
EndProject
Project("{2150E333-8FDC-42A3-9474-1A3956D46DE8}") = "MapEntitiesService", "MapEntitiesService", "{E5960445-7235-4089-89AC-8A9F83FB846C}"
EndProject
Project("{9A19103F-16F7-4668-BE54-9A1E7A4F7556}") = "NotificationsService", "NotificationsService\NotificationsService.csproj", "{A5E7DA3B-8BA6-424D-8312-EC600FAAEF04}"
EndProject
Project("{2150E333-8FDC-42A3-9474-1A3956D46DE8}") = "NotificationsService", "NotificationsService", "{1F96B539-6BC4-4E39-88EA-8AFEF97F2D91}"
EndProject
Project("{2150E333-8FDC-42A3-9474-1A3956D46DE8}") = "ApiGateway", "ApiGateway", "{05544F11-B5DC-40A6-9A03-F1CBDBB85206}"
EndProject
Project("{FAE04EC0-301F-11D3-BF4B-00C04F79EFBC}") = "MapEntitiesService.Core", "MapEntitiesService.Core\MapEntitiesService.Core.csproj", "{31B0A3D4-0138-44A6-9F33-C1A2AA0E790D}"
EndProject
Project("{FAE04EC0-301F-11D3-BF4B-00C04F79EFBC}") = "MapEntitiesService.Infrastructure", "MapEntitiesService.Infrastructure\MapEntitiesService.Infrastructure.csproj", "{7DD92FB7-3607-4020-B5A8-3C243D3F7D42}"
EndProject
Global
	GlobalSection(SolutionConfigurationPlatforms) = preSolution
		Debug|Any CPU = Debug|Any CPU
		Release|Any CPU = Release|Any CPU
	EndGlobalSection
	GlobalSection(ProjectConfigurationPlatforms) = postSolution
		{BFA44107-AB1B-4540-9CA0-75A74D5B3D08}.Debug|Any CPU.ActiveCfg = Debug|Any CPU
		{BFA44107-AB1B-4540-9CA0-75A74D5B3D08}.Debug|Any CPU.Build.0 = Debug|Any CPU
		{BFA44107-AB1B-4540-9CA0-75A74D5B3D08}.Release|Any CPU.ActiveCfg = Release|Any CPU
		{BFA44107-AB1B-4540-9CA0-75A74D5B3D08}.Release|Any CPU.Build.0 = Release|Any CPU
		{B1B41FF9-567B-4A32-B732-9D02F3BD7448}.Debug|Any CPU.ActiveCfg = Debug|Any CPU
		{B1B41FF9-567B-4A32-B732-9D02F3BD7448}.Debug|Any CPU.Build.0 = Debug|Any CPU
		{B1B41FF9-567B-4A32-B732-9D02F3BD7448}.Release|Any CPU.ActiveCfg = Release|Any CPU
		{B1B41FF9-567B-4A32-B732-9D02F3BD7448}.Release|Any CPU.Build.0 = Release|Any CPU
		{3BEF987E-63E5-489A-9B01-9BD0E6091ADB}.Debug|Any CPU.ActiveCfg = Debug|Any CPU
		{3BEF987E-63E5-489A-9B01-9BD0E6091ADB}.Release|Any CPU.ActiveCfg = Release|Any CPU
		{3BEF987E-63E5-489A-9B01-9BD0E6091ADB}.Release|Any CPU.Build.0 = Release|Any CPU
		{3BEF987E-63E5-489A-9B01-9BD0E6091ADB}.Debug|Any CPU.Build.0 = Debug|Any CPU
		{E9A97281-A9BE-415A-BD80-471EB1B1F472}.Debug|Any CPU.ActiveCfg = Debug|Any CPU
		{E9A97281-A9BE-415A-BD80-471EB1B1F472}.Debug|Any CPU.Build.0 = Debug|Any CPU
		{E9A97281-A9BE-415A-BD80-471EB1B1F472}.Release|Any CPU.ActiveCfg = Release|Any CPU
		{E9A97281-A9BE-415A-BD80-471EB1B1F472}.Release|Any CPU.Build.0 = Release|Any CPU
		{DB8751BC-CE9A-4598-B1D2-582D139250A5}.Debug|Any CPU.ActiveCfg = Debug|Any CPU
		{DB8751BC-CE9A-4598-B1D2-582D139250A5}.Debug|Any CPU.Build.0 = Debug|Any CPU
		{DB8751BC-CE9A-4598-B1D2-582D139250A5}.Release|Any CPU.ActiveCfg = Release|Any CPU
		{DB8751BC-CE9A-4598-B1D2-582D139250A5}.Release|Any CPU.Build.0 = Release|Any CPU
		{EE9EB452-0D58-4005-810E-7DF6A7736198}.Debug|Any CPU.ActiveCfg = Debug|Any CPU
		{EE9EB452-0D58-4005-810E-7DF6A7736198}.Debug|Any CPU.Build.0 = Debug|Any CPU
		{EE9EB452-0D58-4005-810E-7DF6A7736198}.Release|Any CPU.ActiveCfg = Release|Any CPU
		{EE9EB452-0D58-4005-810E-7DF6A7736198}.Release|Any CPU.Build.0 = Release|Any CPU
		{AAC624E6-F82F-40D2-9BBB-87BD70F32A91}.Debug|Any CPU.ActiveCfg = Debug|Any CPU
		{AAC624E6-F82F-40D2-9BBB-87BD70F32A91}.Debug|Any CPU.Build.0 = Debug|Any CPU
		{AAC624E6-F82F-40D2-9BBB-87BD70F32A91}.Release|Any CPU.ActiveCfg = Release|Any CPU
		{AAC624E6-F82F-40D2-9BBB-87BD70F32A91}.Release|Any CPU.Build.0 = Release|Any CPU
		{B8D8A133-28E3-4D38-8B87-D43031203BC0}.Debug|Any CPU.ActiveCfg = Debug|Any CPU
		{B8D8A133-28E3-4D38-8B87-D43031203BC0}.Debug|Any CPU.Build.0 = Debug|Any CPU
		{B8D8A133-28E3-4D38-8B87-D43031203BC0}.Release|Any CPU.ActiveCfg = Release|Any CPU
		{B8D8A133-28E3-4D38-8B87-D43031203BC0}.Release|Any CPU.Build.0 = Release|Any CPU
		{A5E7DA3B-8BA6-424D-8312-EC600FAAEF04}.Debug|Any CPU.ActiveCfg = Debug|Any CPU
		{A5E7DA3B-8BA6-424D-8312-EC600FAAEF04}.Debug|Any CPU.Build.0 = Debug|Any CPU
		{A5E7DA3B-8BA6-424D-8312-EC600FAAEF04}.Release|Any CPU.ActiveCfg = Release|Any CPU
		{A5E7DA3B-8BA6-424D-8312-EC600FAAEF04}.Release|Any CPU.Build.0 = Release|Any CPU
		{31B0A3D4-0138-44A6-9F33-C1A2AA0E790D}.Debug|Any CPU.ActiveCfg = Debug|Any CPU
		{31B0A3D4-0138-44A6-9F33-C1A2AA0E790D}.Debug|Any CPU.Build.0 = Debug|Any CPU
		{31B0A3D4-0138-44A6-9F33-C1A2AA0E790D}.Release|Any CPU.ActiveCfg = Release|Any CPU
		{31B0A3D4-0138-44A6-9F33-C1A2AA0E790D}.Release|Any CPU.Build.0 = Release|Any CPU
		{7DD92FB7-3607-4020-B5A8-3C243D3F7D42}.Debug|Any CPU.ActiveCfg = Debug|Any CPU
		{7DD92FB7-3607-4020-B5A8-3C243D3F7D42}.Debug|Any CPU.Build.0 = Debug|Any CPU
		{7DD92FB7-3607-4020-B5A8-3C243D3F7D42}.Release|Any CPU.ActiveCfg = Release|Any CPU
		{7DD92FB7-3607-4020-B5A8-3C243D3F7D42}.Release|Any CPU.Build.0 = Release|Any CPU
	EndGlobalSection
	GlobalSection(SolutionProperties) = preSolution
		HideSolutionNode = FALSE
	EndGlobalSection
	GlobalSection(NestedProjects) = preSolution
		{BFA44107-AB1B-4540-9CA0-75A74D5B3D08} = {E5960445-7235-4089-89AC-8A9F83FB846C}
		{B1B41FF9-567B-4A32-B732-9D02F3BD7448} = {FD5A72D6-DAF9-434E-A927-F5C4AD02DF05}
		{E9A97281-A9BE-415A-BD80-471EB1B1F472} = {09AD39B0-AD15-41FA-B1F1-F55C613617B6}
		{DB8751BC-CE9A-4598-B1D2-582D139250A5} = {09AD39B0-AD15-41FA-B1F1-F55C613617B6}
		{EE9EB452-0D58-4005-810E-7DF6A7736198} = {05544F11-B5DC-40A6-9A03-F1CBDBB85206}
		{AAC624E6-F82F-40D2-9BBB-87BD70F32A91} = {FD5A72D6-DAF9-434E-A927-F5C4AD02DF05}
		{B8D8A133-28E3-4D38-8B87-D43031203BC0} = {FD5A72D6-DAF9-434E-A927-F5C4AD02DF05}
		{A5E7DA3B-8BA6-424D-8312-EC600FAAEF04} = {1F96B539-6BC4-4E39-88EA-8AFEF97F2D91}
		{31B0A3D4-0138-44A6-9F33-C1A2AA0E790D} = {E5960445-7235-4089-89AC-8A9F83FB846C}
		{7DD92FB7-3607-4020-B5A8-3C243D3F7D42} = {E5960445-7235-4089-89AC-8A9F83FB846C}
	EndGlobalSection
	GlobalSection(ExtensibilityGlobals) = postSolution
		SolutionGuid = {3D15CC79-DE2D-4D8A-BA44-D996FFFC7180}
	EndGlobalSection
EndGlobal
